
Microsoft Visual Studio Solution File, Format Version 12.00
# Visual Studio 14
VisualStudioVersion = 14.0.24720.0
MinimumVisualStudioVersion = 10.0.40219.1
Project("{FAE04EC0-301F-11D3-BF4B-00C04F79EFBC}") = "CSharpZoomer", "zoomer\CSharpZoomer.csproj", "{A4F1F1AB-6E7C-4C81-A688-FAE505DB3733}"
EndProject
Global
	GlobalSection(SolutionConfigurationPlatforms) = preSolution
		Debug|Any CPU = Debug|Any CPU
		Release|Any CPU = Release|Any CPU
	EndGlobalSection
	GlobalSection(ProjectConfigurationPlatforms) = postSolution
		{A4F1F1AB-6E7C-4C81-A688-FAE505DB3733}.Debug|Any CPU.ActiveCfg = Debug|Any CPU
		{A4F1F1AB-6E7C-4C81-A688-FAE505DB3733}.Debug|Any CPU.Build.0 = Debug|Any CPU
		{A4F1F1AB-6E7C-4C81-A688-FAE505DB3733}.Release|Any CPU.ActiveCfg = Release|Any CPU
		{A4F1F1AB-6E7C-4C81-A688-FAE505DB3733}.Release|Any CPU.Build.0 = Release|Any CPU
	EndGlobalSection
	GlobalSection(SolutionProperties) = preSolution
		HideSolutionNode = FALSE
	EndGlobalSection
	GlobalSection(ExtensibilityGlobals) = postSolution
		SolutionGuid = {501B37E0-7943-42B2-88A9-6EE1A2A38EC5}
	EndGlobalSection
EndGlobal
